// !$*UTF8*$!
{
	archiveVersion = 1;
	classes = {
	};
	objectVersion = 50;
	objects = {

/* Begin PBXBuildFile section */
		B09BE97727F3D20100F2F1E6 /* PeopleDirectoryApp.swift in Sources */ = {isa = PBXBuildFile; fileRef = B09BE97627F3D20100F2F1E6 /* PeopleDirectoryApp.swift */; };
		B09BE97927F3D20100F2F1E6 /* DetailView.swift in Sources */ = {isa = PBXBuildFile; fileRef = B09BE97827F3D20100F2F1E6 /* DetailView.swift */; };
		B09BE97B27F3D20300F2F1E6 /* Assets.xcassets in Resources */ = {isa = PBXBuildFile; fileRef = B09BE97A27F3D20300F2F1E6 /* Assets.xcassets */; };
		B09BE97E27F3D20300F2F1E6 /* Preview Assets.xcassets in Resources */ = {isa = PBXBuildFile; fileRef = B09BE97D27F3D20300F2F1E6 /* Preview Assets.xcassets */; };
		B09BE98927F3D2AC00F2F1E6 /* Entry.swift in Sources */ = {isa = PBXBuildFile; fileRef = B09BE98827F3D2AC00F2F1E6 /* Entry.swift */; };
		B09BE98B27F3D30400F2F1E6 /* TabView.swift in Sources */ = {isa = PBXBuildFile; fileRef = B09BE98A27F3D30400F2F1E6 /* TabView.swift */; };
		B09BE98D27F3D32100F2F1E6 /* ListView.swift in Sources */ = {isa = PBXBuildFile; fileRef = B09BE98C27F3D32100F2F1E6 /* ListView.swift */; };
		B09BE99127F3D50D00F2F1E6 /* EntryModel.swift in Sources */ = {isa = PBXBuildFile; fileRef = B09BE99027F3D50D00F2F1E6 /* EntryModel.swift */; };
		B09BE99327F3D62700F2F1E6 /* DataService.swift in Sources */ = {isa = PBXBuildFile; fileRef = B09BE99227F3D62700F2F1E6 /* DataService.swift */; };
		B09BE99627F3D6F400F2F1E6 /* EntryData.json in Resources */ = {isa = PBXBuildFile; fileRef = B09BE99527F3D6F400F2F1E6 /* EntryData.json */; };
/* End PBXBuildFile section */

/* Begin PBXFileReference section */
		B09BE97327F3D20100F2F1E6 /* PeopleDirectory.app */ = {isa = PBXFileReference; explicitFileType = wrapper.application; includeInIndex = 0; path = PeopleDirectory.app; sourceTree = BUILT_PRODUCTS_DIR; };
		B09BE97627F3D20100F2F1E6 /* PeopleDirectoryApp.swift */ = {isa = PBXFileReference; lastKnownFileType = sourcecode.swift; path = PeopleDirectoryApp.swift; sourceTree = "<group>"; };
		B09BE97827F3D20100F2F1E6 /* DetailView.swift */ = {isa = PBXFileReference; lastKnownFileType = sourcecode.swift; path = DetailView.swift; sourceTree = "<group>"; };
		B09BE97A27F3D20300F2F1E6 /* Assets.xcassets */ = {isa = PBXFileReference; lastKnownFileType = folder.assetcatalog; path = Assets.xcassets; sourceTree = "<group>"; };
		B09BE97D27F3D20300F2F1E6 /* Preview Assets.xcassets */ = {isa = PBXFileReference; lastKnownFileType = folder.assetcatalog; path = "Preview Assets.xcassets"; sourceTree = "<group>"; };
		B09BE97F27F3D20300F2F1E6 /* Info.plist */ = {isa = PBXFileReference; lastKnownFileType = text.plist.xml; path = Info.plist; sourceTree = "<group>"; };
		B09BE98827F3D2AC00F2F1E6 /* Entry.swift */ = {isa = PBXFileReference; lastKnownFileType = sourcecode.swift; path = Entry.swift; sourceTree = "<group>"; };
		B09BE98A27F3D30400F2F1E6 /* TabView.swift */ = {isa = PBXFileReference; lastKnownFileType = sourcecode.swift; path = TabView.swift; sourceTree = "<group>"; };
		B09BE98C27F3D32100F2F1E6 /* ListView.swift */ = {isa = PBXFileReference; lastKnownFileType = sourcecode.swift; path = ListView.swift; sourceTree = "<group>"; };
		B09BE99027F3D50D00F2F1E6 /* EntryModel.swift */ = {isa = PBXFileReference; lastKnownFileType = sourcecode.swift; path = EntryModel.swift; sourceTree = "<group>"; };
		B09BE99227F3D62700F2F1E6 /* DataService.swift */ = {isa = PBXFileReference; lastKnownFileType = sourcecode.swift; path = DataService.swift; sourceTree = "<group>"; };
		B09BE99527F3D6F400F2F1E6 /* EntryData.json */ = {isa = PBXFileReference; lastKnownFileType = text.json; path = EntryData.json; sourceTree = "<group>"; };
/* End PBXFileReference section */

/* Begin PBXFrameworksBuildPhase section */
		B09BE97027F3D20100F2F1E6 /* Frameworks */ = {
			isa = PBXFrameworksBuildPhase;
			buildActionMask = 2147483647;
			files = (
			);
			runOnlyForDeploymentPostprocessing = 0;
		};
/* End PBXFrameworksBuildPhase section */

/* Begin PBXGroup section */
		B09BE96A27F3D20100F2F1E6 = {
			isa = PBXGroup;
			children = (
				B09BE97527F3D20100F2F1E6 /* PeopleDirectory */,
				B09BE97427F3D20100F2F1E6 /* Products */,
			);
			sourceTree = "<group>";
		};
		B09BE97427F3D20100F2F1E6 /* Products */ = {
			isa = PBXGroup;
			children = (
				B09BE97327F3D20100F2F1E6 /* PeopleDirectory.app */,
			);
			name = Products;
			sourceTree = "<group>";
		};
		B09BE97527F3D20100F2F1E6 /* PeopleDirectory */ = {
			isa = PBXGroup;
			children = (
				B09BE99427F3D6DB00F2F1E6 /* Data */,
				B09BE97627F3D20100F2F1E6 /* PeopleDirectoryApp.swift */,
				B09BE98527F3D26500F2F1E6 /* Views */,
				B09BE98627F3D27100F2F1E6 /* ViewModels */,
				B09BE98727F3D29000F2F1E6 /* Models */,
				B09BE98F27F3D3F600F2F1E6 /* Services */,
				B09BE97A27F3D20300F2F1E6 /* Assets.xcassets */,
				B09BE97F27F3D20300F2F1E6 /* Info.plist */,
				B09BE97C27F3D20300F2F1E6 /* Preview Content */,
			);
			path = PeopleDirectory;
			sourceTree = "<group>";
		};
		B09BE97C27F3D20300F2F1E6 /* Preview Content */ = {
			isa = PBXGroup;
			children = (
				B09BE97D27F3D20300F2F1E6 /* Preview Assets.xcassets */,
			);
			path = "Preview Content";
			sourceTree = "<group>";
		};
		B09BE98527F3D26500F2F1E6 /* Views */ = {
			isa = PBXGroup;
			children = (
				B09BE97827F3D20100F2F1E6 /* DetailView.swift */,
				B09BE98A27F3D30400F2F1E6 /* TabView.swift */,
				B09BE98C27F3D32100F2F1E6 /* ListView.swift */,
			);
			path = Views;
			sourceTree = "<group>";
		};
		B09BE98627F3D27100F2F1E6 /* ViewModels */ = {
			isa = PBXGroup;
			children = (
				B09BE99027F3D50D00F2F1E6 /* EntryModel.swift */,
			);
			path = ViewModels;
			sourceTree = "<group>";
		};
		B09BE98727F3D29000F2F1E6 /* Models */ = {
			isa = PBXGroup;
			children = (
				B09BE98827F3D2AC00F2F1E6 /* Entry.swift */,
			);
			name = Models;
			sourceTree = "<group>";
		};
		B09BE98F27F3D3F600F2F1E6 /* Services */ = {
			isa = PBXGroup;
			children = (
				B09BE99227F3D62700F2F1E6 /* DataService.swift */,
			);
			path = Services;
			sourceTree = "<group>";
		};
		B09BE99427F3D6DB00F2F1E6 /* Data */ = {
			isa = PBXGroup;
			children = (
				B09BE99527F3D6F400F2F1E6 /* EntryData.json */,
			);
			path = Data;
			sourceTree = "<group>";
		};
/* End PBXGroup section */

/* Begin PBXNativeTarget section */
		B09BE97227F3D20100F2F1E6 /* PeopleDirectory */ = {
			isa = PBXNativeTarget;
			buildConfigurationList = B09BE98227F3D20300F2F1E6 /* Build configuration list for PBXNativeTarget "PeopleDirectory" */;
			buildPhases = (
				B09BE96F27F3D20100F2F1E6 /* Sources */,
				B09BE97027F3D20100F2F1E6 /* Frameworks */,
				B09BE97127F3D20100F2F1E6 /* Resources */,
			);
			buildRules = (
			);
			dependencies = (
			);
			name = PeopleDirectory;
			productName = PeopleDirectory;
			productReference = B09BE97327F3D20100F2F1E6 /* PeopleDirectory.app */;
			productType = "com.apple.product-type.application";
		};
/* End PBXNativeTarget section */

/* Begin PBXProject section */
		B09BE96B27F3D20100F2F1E6 /* Project object */ = {
			isa = PBXProject;
			attributes = {
				LastSwiftUpdateCheck = 1250;
				LastUpgradeCheck = 1250;
				TargetAttributes = {
					B09BE97227F3D20100F2F1E6 = {
						CreatedOnToolsVersion = 12.5.1;
					};
				};
			};
			buildConfigurationList = B09BE96E27F3D20100F2F1E6 /* Build configuration list for PBXProject "PeopleDirectory" */;
			compatibilityVersion = "Xcode 9.3";
			developmentRegion = en;
			hasScannedForEncodings = 0;
			knownRegions = (
				en,
				Base,
			);
			mainGroup = B09BE96A27F3D20100F2F1E6;
			productRefGroup = B09BE97427F3D20100F2F1E6 /* Products */;
			projectDirPath = "";
			projectRoot = "";
			targets = (
				B09BE97227F3D20100F2F1E6 /* PeopleDirectory */,
			);
		};
/* End PBXProject section */

/* Begin PBXResourcesBuildPhase section */
		B09BE97127F3D20100F2F1E6 /* Resources */ = {
			isa = PBXResourcesBuildPhase;
			buildActionMask = 2147483647;
			files = (
				B09BE97E27F3D20300F2F1E6 /* Preview Assets.xcassets in Resources */,
				B09BE99627F3D6F400F2F1E6 /* EntryData.json in Resources */,
				B09BE97B27F3D20300F2F1E6 /* Assets.xcassets in Resources */,
			);
			runOnlyForDeploymentPostprocessing = 0;
		};
/* End PBXResourcesBuildPhase section */

/* Begin PBXSourcesBuildPhase section */
		B09BE96F27F3D20100F2F1E6 /* Sources */ = {
			isa = PBXSourcesBuildPhase;
			buildActionMask = 2147483647;
			files = (
				B09BE99127F3D50D00F2F1E6 /* EntryModel.swift in Sources */,
				B09BE99327F3D62700F2F1E6 /* DataService.swift in Sources */,
				B09BE98927F3D2AC00F2F1E6 /* Entry.swift in Sources */,
				B09BE97927F3D20100F2F1E6 /* DetailView.swift in Sources */,
				B09BE98D27F3D32100F2F1E6 /* ListView.swift in Sources */,
				B09BE98B27F3D30400F2F1E6 /* TabView.swift in Sources */,
				B09BE97727F3D20100F2F1E6 /* PeopleDirectoryApp.swift in Sources */,
			);
			runOnlyForDeploymentPostprocessing = 0;
		};
/* End PBXSourcesBuildPhase section */

/* Begin XCBuildConfiguration section */
		B09BE98027F3D20300F2F1E6 /* Debug */ = {
			isa = XCBuildConfiguration;
			buildSettings = {
				ALWAYS_SEARCH_USER_PATHS = NO;
				CLANG_ANALYZER_NONNULL = YES;
				CLANG_ANALYZER_NUMBER_OBJECT_CONVERSION = YES_AGGRESSIVE;
				CLANG_CXX_LANGUAGE_STANDARD = "gnu++14";
				CLANG_CXX_LIBRARY = "libc++";
				CLANG_ENABLE_MODULES = YES;
				CLANG_ENABLE_OBJC_ARC = YES;
				CLANG_ENABLE_OBJC_WEAK = YES;
				CLANG_WARN_BLOCK_CAPTURE_AUTORELEASING = YES;
				CLANG_WARN_BOOL_CONVERSION = YES;
				CLANG_WARN_COMMA = YES;
				CLANG_WARN_CONSTANT_CONVERSION = YES;
				CLANG_WARN_DEPRECATED_OBJC_IMPLEMENTATIONS = YES;
				CLANG_WARN_DIRECT_OBJC_ISA_USAGE = YES_ERROR;
				CLANG_WARN_DOCUMENTATION_COMMENTS = YES;
				CLANG_WARN_EMPTY_BODY = YES;
				CLANG_WARN_ENUM_CONVERSION = YES;
				CLANG_WARN_INFINITE_RECURSION = YES;
				CLANG_WARN_INT_CONVERSION = YES;
				CLANG_WARN_NON_LITERAL_NULL_CONVERSION = YES;
				CLANG_WARN_OBJC_IMPLICIT_RETAIN_SELF = YES;
				CLANG_WARN_OBJC_LITERAL_CONVERSION = YES;
				CLANG_WARN_OBJC_ROOT_CLASS = YES_ERROR;
				CLANG_WARN_QUOTED_INCLUDE_IN_FRAMEWORK_HEADER = YES;
				CLANG_WARN_RANGE_LOOP_ANALYSIS = YES;
				CLANG_WARN_STRICT_PROTOTYPES = YES;
				CLANG_WARN_SUSPICIOUS_MOVE = YES;
				CLANG_WARN_UNGUARDED_AVAILABILITY = YES_AGGRESSIVE;
				CLANG_WARN_UNREACHABLE_CODE = YES;
				CLANG_WARN__DUPLICATE_METHOD_MATCH = YES;
				COPY_PHASE_STRIP = NO;
				DEBUG_INFORMATION_FORMAT = dwarf;
				ENABLE_STRICT_OBJC_MSGSEND = YES;
				ENABLE_TESTABILITY = YES;
				GCC_C_LANGUAGE_STANDARD = gnu11;
				GCC_DYNAMIC_NO_PIC = NO;
				GCC_NO_COMMON_BLOCKS = YES;
				GCC_OPTIMIZATION_LEVEL = 0;
				GCC_PREPROCESSOR_DEFINITIONS = (
					"DEBUG=1",
					"$(inherited)",
				);
				GCC_WARN_64_TO_32_BIT_CONVERSION = YES;
				GCC_WARN_ABOUT_RETURN_TYPE = YES_ERROR;
				GCC_WARN_UNDECLARED_SELECTOR = YES;
				GCC_WARN_UNINITIALIZED_AUTOS = YES_AGGRESSIVE;
				GCC_WARN_UNUSED_FUNCTION = YES;
				GCC_WARN_UNUSED_VARIABLE = YES;
				IPHONEOS_DEPLOYMENT_TARGET = 14.5;
				MTL_ENABLE_DEBUG_INFO = INCLUDE_SOURCE;
				MTL_FAST_MATH = YES;
				ONLY_ACTIVE_ARCH = YES;
				SDKROOT = iphoneos;
				SWIFT_ACTIVE_COMPILATION_CONDITIONS = DEBUG;
				SWIFT_OPTIMIZATION_LEVEL = "-Onone";
			};
			name = Debug;
		};
		B09BE98127F3D20300F2F1E6 /* Release */ = {
			isa = XCBuildConfiguration;
			buildSettings = {
				ALWAYS_SEARCH_USER_PATHS = NO;
				CLANG_ANALYZER_NONNULL = YES;
				CLANG_ANALYZER_NUMBER_OBJECT_CONVERSION = YES_AGGRESSIVE;
				CLANG_CXX_LANGUAGE_STANDARD = "gnu++14";
				CLANG_CXX_LIBRARY = "libc++";
				CLANG_ENABLE_MODULES = YES;
				CLANG_ENABLE_OBJC_ARC = YES;
				CLANG_ENABLE_OBJC_WEAK = YES;
				CLANG_WARN_BLOCK_CAPTURE_AUTORELEASING = YES;
				CLANG_WARN_BOOL_CONVERSION = YES;
				CLANG_WARN_COMMA = YES;
				CLANG_WARN_CONSTANT_CONVERSION = YES;
				CLANG_WARN_DEPRECATED_OBJC_IMPLEMENTATIONS = YES;
				CLANG_WARN_DIRECT_OBJC_ISA_USAGE = YES_ERROR;
				CLANG_WARN_DOCUMENTATION_COMMENTS = YES;
				CLANG_WARN_EMPTY_BODY = YES;
				CLANG_WARN_ENUM_CONVERSION = YES;
				CLANG_WARN_INFINITE_RECURSION = YES;
				CLANG_WARN_INT_CONVERSION = YES;
				CLANG_WARN_NON_LITERAL_NULL_CONVERSION = YES;
				CLANG_WARN_OBJC_IMPLICIT_RETAIN_SELF = YES;
				CLANG_WARN_OBJC_LITERAL_CONVERSION = YES;
				CLANG_WARN_OBJC_ROOT_CLASS = YES_ERROR;
				CLANG_WARN_QUOTED_INCLUDE_IN_FRAMEWORK_HEADER = YES;
				CLANG_WARN_RANGE_LOOP_ANALYSIS = YES;
				CLANG_WARN_STRICT_PROTOTYPES = YES;
				CLANG_WARN_SUSPICIOUS_MOVE = YES;
				CLANG_WARN_UNGUARDED_AVAILABILITY = YES_AGGRESSIVE;
				CLANG_WARN_UNREACHABLE_CODE = YES;
				CLANG_WARN__DUPLICATE_METHOD_MATCH = YES;
				COPY_PHASE_STRIP = NO;
				DEBUG_INFORMATION_FORMAT = "dwarf-with-dsym";
				ENABLE_NS_ASSERTIONS = NO;
				ENABLE_STRICT_OBJC_MSGSEND = YES;
				GCC_C_LANGUAGE_STANDARD = gnu11;
				GCC_NO_COMMON_BLOCKS = YES;
				GCC_WARN_64_TO_32_BIT_CONVERSION = YES;
				GCC_WARN_ABOUT_RETURN_TYPE = YES_ERROR;
				GCC_WARN_UNDECLARED_SELECTOR = YES;
				GCC_WARN_UNINITIALIZED_AUTOS = YES_AGGRESSIVE;
				GCC_WARN_UNUSED_FUNCTION = YES;
				GCC_WARN_UNUSED_VARIABLE = YES;
				IPHONEOS_DEPLOYMENT_TARGET = 14.5;
				MTL_ENABLE_DEBUG_INFO = NO;
				MTL_FAST_MATH = YES;
				SDKROOT = iphoneos;
				SWIFT_COMPILATION_MODE = wholemodule;
				SWIFT_OPTIMIZATION_LEVEL = "-O";
				VALIDATE_PRODUCT = YES;
			};
			name = Release;
		};
		B09BE98327F3D20300F2F1E6 /* Debug */ = {
			isa = XCBuildConfiguration;
			buildSettings = {
				ASSETCATALOG_COMPILER_APPICON_NAME = AppIcon;
				ASSETCATALOG_COMPILER_GLOBAL_ACCENT_COLOR_NAME = AccentColor;
				CODE_SIGN_STYLE = Automatic;
				DEVELOPMENT_ASSET_PATHS = "\"PeopleDirectory/Preview Content\"";
				DEVELOPMENT_TEAM = H7958MU8U5;
				ENABLE_PREVIEWS = YES;
				INFOPLIST_FILE = PeopleDirectory/Info.plist;
				IPHONEOS_DEPLOYMENT_TARGET = 14.0;
				LD_RUNPATH_SEARCH_PATHS = (
					"$(inherited)",
					"@executable_path/Frameworks",
				);
				PRODUCT_BUNDLE_IDENTIFIER = wojiaodon.PeopleDirectory;
				PRODUCT_NAME = "$(TARGET_NAME)";
				SWIFT_VERSION = 5.0;
				TARGETED_DEVICE_FAMILY = "1,2";
			};
			name = Debug;
		};
		B09BE98427F3D20300F2F1E6 /* Release */ = {
			isa = XCBuildConfiguration;
			buildSettings = {
				ASSETCATALOG_COMPILER_APPICON_NAME = AppIcon;
				ASSETCATALOG_COMPILER_GLOBAL_ACCENT_COLOR_NAME = AccentColor;
				CODE_SIGN_STYLE = Automatic;
				DEVELOPMENT_ASSET_PATHS = "\"PeopleDirectory/Preview Content\"";
				DEVELOPMENT_TEAM = H7958MU8U5;
				ENABLE_PREVIEWS = YES;
				INFOPLIST_FILE = PeopleDirectory/Info.plist;
				IPHONEOS_DEPLOYMENT_TARGET = 14.0;
				LD_RUNPATH_SEARCH_PATHS = (
					"$(inherited)",
					"@executable_path/Frameworks",
				);
				PRODUCT_BUNDLE_IDENTIFIER = wojiaodon.PeopleDirectory;
				PRODUCT_NAME = "$(TARGET_NAME)";
				SWIFT_VERSION = 5.0;
				TARGETED_DEVICE_FAMILY = "1,2";
			};
			name = Release;
		};
/* End XCBuildConfiguration section */

/* Begin XCConfigurationList section */
		B09BE96E27F3D20100F2F1E6 /* Build configuration list for PBXProject "PeopleDirectory" */ = {
			isa = XCConfigurationList;
			buildConfigurations = (
				B09BE98027F3D20300F2F1E6 /* Debug */,
				B09BE98127F3D20300F2F1E6 /* Release */,
			);
			defaultConfigurationIsVisible = 0;
			defaultConfigurationName = Release;
		};
		B09BE98227F3D20300F2F1E6 /* Build configuration list for PBXNativeTarget "PeopleDirectory" */ = {
			isa = XCConfigurationList;
			buildConfigurations = (
				B09BE98327F3D20300F2F1E6 /* Debug */,
				B09BE98427F3D20300F2F1E6 /* Release */,
			);
			defaultConfigurationIsVisible = 0;
			defaultConfigurationName = Release;
		};
/* End XCConfigurationList section */
	};
	rootObject = B09BE96B27F3D20100F2F1E6 /* Project object */;
}
